{
  "nodes": {
    "devshell": {
      "inputs": {
        "flake-utils": "flake-utils",
        "nixpkgs": "nixpkgs"
      },
      "locked": {
        "lastModified": 1677793770,
        "narHash": "sha256-sPBZTh6MNV0R5cMe6It+3BP75PhfP4nXP0M9nRtUHVU=",
        "owner": "numtide",
        "repo": "devshell",
        "rev": "a027fa50746d95abf0ea35847bed0e0bc2d7a9da",
        "type": "github"
      },
      "original": {
        "owner": "numtide",
        "repo": "devshell",
        "type": "github"
      }
    },
    "flake-utils": {
      "locked": {
        "lastModified": 1642700792,
        "narHash": "sha256-XqHrk7hFb+zBvRg6Ghl+AZDq03ov6OshJLiSWOoX5es=",
        "owner": "numtide",
        "repo": "flake-utils",
        "rev": "846b2ae0fc4cc943637d3d1def4454213e203cba",
        "type": "github"
      },
      "original": {
        "owner": "numtide",
        "repo": "flake-utils",
        "type": "github"
      }
    },
    "nixpkgs": {
      "locked": {
        "lastModified": 1677383253,
        "narHash": "sha256-UfpzWfSxkfXHnb4boXZNaKsAcUrZT9Hw+tao1oZxd08=",
        "owner": "NixOS",
        "repo": "nixpkgs",
        "rev": "9952d6bc395f5841262b006fbace8dd7e143b634",
        "type": "github"
      },
      "original": {
        "owner": "NixOS",
        "ref": "nixpkgs-unstable",
        "repo": "nixpkgs",
        "type": "github"
      }
    },
    "nixpkgs_2": {
      "locked": {
        "lastModified": 1677655566,
        "narHash": "sha256-I8G8Lmpp3YduYl4+pkiIJFGT1WKw+8ZMH2QwANkTu2U=",
        "owner": "NixOS",
        "repo": "nixpkgs",
        "rev": "ae8bdd2de4c23b239b5a771501641d2ef5e027d0",
        "type": "github"
      },
      "original": {
        "id": "nixpkgs",
        "type": "indirect"
      }
    },
    "parts": {
      "inputs": {
        "nixpkgs-lib": [
          "nixpkgs"
        ]
      },
      "locked": {
        "lastModified": 1677714448,
        "narHash": "sha256-Hq8qLs8xFu28aDjytfxjdC96bZ6pds21Yy09mSC156I=",
        "owner": "hercules-ci",
        "repo": "flake-parts",
        "rev": "dc531e3a9ce757041e1afaff8ee932725ca60002",
        "type": "github"
      },
      "original": {
        "owner": "hercules-ci",
        "repo": "flake-parts",
        "type": "github"
      }
    },
    "root": {
      "inputs": {
        "devshell": "devshell",
        "nixpkgs": "nixpkgs_2",
        "parts": "parts"
      }
    }
  },
  "root": "root",
  "version": 7
}
